
Microsoft Visual Studio Solution File, Format Version 12.00
# Visual Studio Version 17
VisualStudioVersion = 17.14.35906.104 d17.14
MinimumVisualStudioVersion = 10.0.40219.1
Project("{FAE04EC0-301F-11D3-BF4B-00C04F79EFBC}") = "KeyboardNinja", "KeyboardNinja.csproj", "{ED484650-17C5-400F-8A19-F8E22A43F9FB}"
EndProject
Global
	GlobalSection(SolutionConfigurationPlatforms) = preSolution
		Debug|Any CPU = Debug|Any CPU
		Release|Any CPU = Release|Any CPU
	EndGlobalSection
	GlobalSection(ProjectConfigurationPlatforms) = postSolution
		{ED484650-17C5-400F-8A19-F8E22A43F9FB}.Debug|Any CPU.ActiveCfg = Debug|Any CPU
		{ED484650-17C5-400F-8A19-F8E22A43F9FB}.Debug|Any CPU.Build.0 = Debug|Any CPU
		{ED484650-17C5-400F-8A19-F8E22A43F9FB}.Release|Any CPU.ActiveCfg = Release|Any CPU
		{ED484650-17C5-400F-8A19-F8E22A43F9FB}.Release|Any CPU.Build.0 = Release|Any CPU
	EndGlobalSection
	GlobalSection(SolutionProperties) = preSolution
		HideSolutionNode = FALSE
	EndGlobalSection
	GlobalSection(ExtensibilityGlobals) = postSolution
		SolutionGuid = {50E84989-F101-49FF-93B3-32081BF9B417}
	EndGlobalSection
EndGlobal
